
Microsoft Visual Studio Solution File, Format Version 12.00
# Visual Studio Version 17
VisualStudioVersion = 17.0.32002.185
MinimumVisualStudioVersion = 10.0.40219.1
Project("{9A19103F-16F7-4668-BE54-9A1E7A4F7556}") = "IO.Swagger", "src\IO.Swagger\IO.Swagger.csproj", "{FDD61640-C1AF-4B37-9FD8-AC935DEAAC7A}"
EndProject
Global
	GlobalSection(SolutionConfigurationPlatforms) = preSolution
		Debug|Any CPU = Debug|Any CPU
		Release|Any CPU = Release|Any CPU
	EndGlobalSection
	GlobalSection(ProjectConfigurationPlatforms) = postSolution
		{FDD61640-C1AF-4B37-9FD8-AC935DEAAC7A}.Debug|Any CPU.ActiveCfg = Debug|Any CPU
		{FDD61640-C1AF-4B37-9FD8-AC935DEAAC7A}.Debug|Any CPU.Build.0 = Debug|Any CPU
		{FDD61640-C1AF-4B37-9FD8-AC935DEAAC7A}.Release|Any CPU.ActiveCfg = Release|Any CPU
		{FDD61640-C1AF-4B37-9FD8-AC935DEAAC7A}.Release|Any CPU.Build.0 = Release|Any CPU
	EndGlobalSection
	GlobalSection(SolutionProperties) = preSolution
		HideSolutionNode = FALSE
	EndGlobalSection
	GlobalSection(ExtensibilityGlobals) = postSolution
		SolutionGuid = {34132D18-A98E-4818-9295-E955F95D7F10}
	EndGlobalSection
EndGlobal
